
Microsoft Visual Studio Solution File, Format Version 12.00
# Visual Studio 2013
VisualStudioVersion = 12.0.31101.0
MinimumVisualStudioVersion = 10.0.40219.1
Project("{FAE04EC0-301F-11D3-BF4B-00C04F79EFBC}") = "LinqDemo", "LinqToObjects\LinqDemo.csproj", "{820AB5A3-B4F4-4425-B499-FAD0330FAE9B}"
EndProject
Project("{FAE04EC0-301F-11D3-BF4B-00C04F79EFBC}") = "UT_LinqDemo", "UT_LinqDemo\UT_LinqDemo.csproj", "{11C0774D-A2D2-4804-B158-90288A067BCB}"
EndProject
Global
	GlobalSection(SolutionConfigurationPlatforms) = preSolution
		Debug|Any CPU = Debug|Any CPU
		Debug|Mixed Platforms = Debug|Mixed Platforms
		Debug|x86 = Debug|x86
		Release|Any CPU = Release|Any CPU
		Release|Mixed Platforms = Release|Mixed Platforms
		Release|x86 = Release|x86
	EndGlobalSection
	GlobalSection(ProjectConfigurationPlatforms) = postSolution
		{820AB5A3-B4F4-4425-B499-FAD0330FAE9B}.Debug|Any CPU.ActiveCfg = Debug|x86
		{820AB5A3-B4F4-4425-B499-FAD0330FAE9B}.Debug|Mixed Platforms.ActiveCfg = Debug|x86
		{820AB5A3-B4F4-4425-B499-FAD0330FAE9B}.Debug|Mixed Platforms.Build.0 = Debug|x86
		{820AB5A3-B4F4-4425-B499-FAD0330FAE9B}.Debug|x86.ActiveCfg = Debug|x86
		{820AB5A3-B4F4-4425-B499-FAD0330FAE9B}.Debug|x86.Build.0 = Debug|x86
		{820AB5A3-B4F4-4425-B499-FAD0330FAE9B}.Release|Any CPU.ActiveCfg = Release|x86
		{820AB5A3-B4F4-4425-B499-FAD0330FAE9B}.Release|Mixed Platforms.ActiveCfg = Release|x86
		{820AB5A3-B4F4-4425-B499-FAD0330FAE9B}.Release|Mixed Platforms.Build.0 = Release|x86
		{820AB5A3-B4F4-4425-B499-FAD0330FAE9B}.Release|x86.ActiveCfg = Release|x86
		{820AB5A3-B4F4-4425-B499-FAD0330FAE9B}.Release|x86.Build.0 = Release|x86
		{11C0774D-A2D2-4804-B158-90288A067BCB}.Debug|Any CPU.ActiveCfg = Debug|Any CPU
		{11C0774D-A2D2-4804-B158-90288A067BCB}.Debug|Any CPU.Build.0 = Debug|Any CPU
		{11C0774D-A2D2-4804-B158-90288A067BCB}.Debug|Mixed Platforms.ActiveCfg = Debug|Any CPU
		{11C0774D-A2D2-4804-B158-90288A067BCB}.Debug|Mixed Platforms.Build.0 = Debug|Any CPU
		{11C0774D-A2D2-4804-B158-90288A067BCB}.Debug|x86.ActiveCfg = Debug|Any CPU
		{11C0774D-A2D2-4804-B158-90288A067BCB}.Release|Any CPU.ActiveCfg = Release|Any CPU
		{11C0774D-A2D2-4804-B158-90288A067BCB}.Release|Any CPU.Build.0 = Release|Any CPU
		{11C0774D-A2D2-4804-B158-90288A067BCB}.Release|Mixed Platforms.ActiveCfg = Release|Any CPU
		{11C0774D-A2D2-4804-B158-90288A067BCB}.Release|Mixed Platforms.Build.0 = Release|Any CPU
		{11C0774D-A2D2-4804-B158-90288A067BCB}.Release|x86.ActiveCfg = Release|Any CPU
	EndGlobalSection
	GlobalSection(SolutionProperties) = preSolution
		HideSolutionNode = FALSE
	EndGlobalSection
EndGlobal
